PODS:
  - CocoaAsyncSocket (7.6.5)
  - KTVCocoaHTTPServer (1.0.0):
    - CocoaAsyncSocket
  - KTVHTTPCache (2.0.1):
    - KTVCocoaHTTPServer
  - SDWebImage (5.17.0):
    - SDWebImage/Core (= 5.17.0)
  - SDWebImage/Core (5.17.0)
  - SnapKit (5.6.0)
  - ZFPlayer (4.1.4):
    - ZFPlayer/Core (= 4.1.4)
  - ZFPlayer/AVPlayer (4.1.4):
    - ZFPlayer/Core
  - ZFPlayer/ControlView (4.1.4):
    - ZFPlayer/Core
  - ZFPlayer/Core (4.1.4)

DEPENDENCIES:
  - KTVHTTPCache
  - SDWebImage
  - SnapKit (~> 5.6.0)
  - ZFPlayer
  - ZFPlayer/AVPlayer
  - ZFPlayer/ControlView

SPEC REPOS:
  https://github.com/CocoaPods/Specs.git:
    - CocoaAsyncSocket
    - KTVCocoaHTTPServer
    - KTVHTTPCache
    - SDWebImage
    - SnapKit
    - ZFPlayer

SPEC CHECKSUMS:
  CocoaAsyncSocket: 065fd1e645c7abab64f7a6a2007a48038fdc6a99
  KTVCocoaHTTPServer: df8d7b861e603ff8037e9b2138aca2563a6b768d
  KTVHTTPCache: 588c3eb16f6bd1e6fde1e230dabfb7bd4e490a4d
  SDWebImage: 750adf017a315a280c60fde706ab1e552a3ae4e9
  SnapKit: e01d52ebb8ddbc333eefe2132acf85c8227d9c25
  ZFPlayer: 5cf39e8d9f0c2394a014b0db4767b5b5a6bffe13

PODFILE CHECKSUM: a2747e1a8afce589f59cf26d30ab7fdd46f523ea

COCOAPODS: 1.11.3
